
Microsoft Visual Studio Solution File, Format Version 12.00
# Visual Studio Version 17
VisualStudioVersion = 17.8.34330.188
MinimumVisualStudioVersion = 10.0.40219.1
Project("{888888A0-9F3D-457C-B088-3A5042F75D52}") = "Deck of Cards", "Deck of Cards.pyproj", "{F052242C-6FB6-4F03-832C-28AD4123BE57}"
EndProject
Global
	GlobalSection(SolutionConfigurationPlatforms) = preSolution
		Debug|Any CPU = Debug|Any CPU
		Release|Any CPU = Release|Any CPU
	EndGlobalSection
	GlobalSection(ProjectConfigurationPlatforms) = postSolution
		{F052242C-6FB6-4F03-832C-28AD4123BE57}.Debug|Any CPU.ActiveCfg = Debug|Any CPU
		{F052242C-6FB6-4F03-832C-28AD4123BE57}.Release|Any CPU.ActiveCfg = Release|Any CPU
	EndGlobalSection
	GlobalSection(SolutionProperties) = preSolution
		HideSolutionNode = FALSE
	EndGlobalSection
	GlobalSection(ExtensibilityGlobals) = postSolution
		SolutionGuid = {27F90BEF-4215-452B-8B53-04576727FEFB}
	EndGlobalSection
EndGlobal
